[[package]]
name = "annotated-types"
version = "0.7.0"
description = "Reusable constraint types to use with typing.Annotated"
category = "main"
optional = false
python-versions = ">=3.8"

[[package]]
name = "asgiref"
version = "3.8.1"
description = "ASGI specs, helper code, and adapters"
category = "main"
optional = false
python-versions = ">=3.8"

[package.dependencies]
typing-extensions = {version = ">=4", markers = "python_version < \"3.11\""}

[package.extras]
tests = ["pytest", "pytest-asyncio", "mypy (>=0.800)"]

[[package]]
name = "certifi"
version = "2024.6.2"
description = "Python package for providing Mozilla's CA Bundle."
category = "main"
optional = false
python-versions = ">=3.6"

[[package]]
name = "cffi"
version = "1.16.0"
description = "Foreign Function Interface for Python calling C code."
category = "main"
optional = false
python-versions = ">=3.8"

[package.dependencies]
pycparser = "*"

[[package]]
name = "charset-normalizer"
version = "3.3.2"
description = "The Real First Universal Charset Detector. Open, modern and actively maintained alternative to Chardet."
category = "main"
optional = false
python-versions = ">=3.7.0"

[[package]]
name = "cryptography"
version = "42.0.8"
description = "cryptography is a package which provides cryptographic recipes and primitives to Python developers."
category = "main"
optional = false
python-versions = ">=3.7"

[package.dependencies]
cffi = {version = ">=1.12", markers = "platform_python_implementation != \"PyPy\""}

[package.extras]
docs = ["sphinx (>=5.3.0)", "sphinx-rtd-theme (>=1.1.1)"]
docstest = ["pyenchant (>=1.6.11)", "readme-renderer", "sphinxcontrib-spelling (>=4.0.1)"]
nox = ["nox"]
pep8test = ["ruff", "mypy", "check-sdist", "click"]
sdist = ["build"]
ssh = ["bcrypt (>=3.1.5)"]
test = ["pytest (>=6.2.0)", "pytest-benchmark", "pytest-cov", "pytest-xdist", "pretend", "certifi"]
test-randomorder = ["pytest-randomly"]

[[package]]
name = "dill"
version = "0.3.5.1"
description = "serialize all of python"
category = "main"
optional = false
python-versions = ">=2.7, !=3.0.*, !=3.1.*, !=3.2.*, !=3.3.*, !=3.4.*, !=3.5.*, !=3.6.*"

[package.extras]
graph = ["objgraph (>=1.7.2)"]

[[package]]
name = "dill"
version = "0.3.6"
description = "serialize all of python"
category = "main"
optional = false
python-versions = ">=3.7"

[package.extras]
graph = ["objgraph (>=1.7.2)"]

[[package]]
name = "django"
version = "4.2.13"
description = "A high-level Python web framework that encourages rapid development and clean, pragmatic design."
category = "main"
optional = false
python-versions = ">=3.8"

[package.dependencies]
asgiref = ">=3.6.0,<4"
sqlparse = ">=0.3.1"
tzdata = {version = "*", markers = "sys_platform == \"win32\""}

[package.extras]
argon2 = ["argon2-cffi (>=19.1.0)"]
bcrypt = ["bcrypt"]

[[package]]
name = "django-admin"
version = "2.0.2"
description = "Django Admin Extensions"
category = "main"
optional = false
python-versions = "*"

[package.dependencies]
django-excel-response2 = ">=3.0.0"
django-six = "*"

[[package]]
name = "django-cors-headers"
version = "4.3.1"
description = "django-cors-headers is a Django application for handling the server headers required for Cross-Origin Resource Sharing (CORS)."
category = "main"
optional = false
python-versions = ">=3.8"

[package.dependencies]
asgiref = ">=3.6"
Django = ">=3.2"

[[package]]
name = "django-excel-response2"
version = "3.0.6"
description = "A function extends of Tarken's django-excel-response"
category = "main"
optional = false
python-versions = "*"

[package.dependencies]
django-six = ">=1.0.4"
excel-base = ">=1.0.3"

[[package]]
name = "django-six"
version = "1.0.5"
description = "Django-six —— Django Compatibility Library"
category = "main"
optional = false
python-versions = "*"

[[package]]
name = "djangorestframework"
version = "3.15.1"
description = "Web APIs for Django, made easy."
category = "main"
optional = false
python-versions = ">=3.6"

[package.dependencies]
django = ">=3.0"

[[package]]
name = "excel-base"
version = "1.0.4"
description = "Excel Base"
category = "main"
optional = false
python-versions = "*"

[package.dependencies]
screen = "*"
TimeConvert = ">=1.5.3"
xlwt = "*"

[[package]]
name = "globus-compute-common"
version = "0.4.1"
description = "Common tools for Globus Compute projects"
category = "main"
optional = false
python-versions = ">=3.7"

[package.dependencies]
pydantic = ">=1,<3"

[package.extras]
boto3 = ["boto3 (>=1.19.0)"]
dev = ["pytest (<9)", "pytest-cov (<6)", "pytest-xdist (<4)", "types-redis"]
moto = ["moto[s3] (<6)"]
redis = ["redis (>=3.5.3,<6)"]

[[package]]
name = "globus-compute-sdk"
version = "2.21.0"
description = "Globus Compute: High Performance Function Serving for Science"
category = "main"
optional = false
python-versions = ">=3.7"

[package.dependencies]
dill = [
    {version = "0.3.5.1", markers = "python_version < \"3.11\""},
    {version = "0.3.6", markers = "python_version >= \"3.11\""},
]
globus-compute-common = "0.4.1"
globus-sdk = ">=3.35.0,<4"
packaging = ">=21.1"
pika = ">=1.2"
requests = ">=2.31.0,<3"
tblib = "1.7.0"
texttable = ">=1.6.7"
websockets = "10.3"

[package.extras]
dev = ["flake8 (==3.8.0)", "pytest (>=7.2)", "pytest-mock", "pyfakefs", "coverage", "responses", "pre-commit"]
docs = ["sphinx (>=7.3.2)", "furo (==2023.9.10)"]
test = ["flake8 (==3.8.0)", "pytest (>=7.2)", "pytest-mock", "pyfakefs", "coverage", "responses"]

[[package]]
name = "globus-sdk"
version = "3.41.0"
description = "Globus SDK for Python"
category = "main"
optional = false
python-versions = ">=3.7"

[package.dependencies]
cryptography = ">=3.3.1,<3.4.0 || >3.4.0"
pyjwt = {version = ">=2.0.0,<3.0.0", extras = ["crypto"]}
requests = ">=2.19.1,<3.0.0"

[[package]]
name = "idna"
version = "3.7"
description = "Internationalized Domain Names in Applications (IDNA)"
category = "main"
optional = false
python-versions = ">=3.5"

[[package]]
name = "isoweek"
version = "1.3.3"
description = "Objects representing a week"
category = "main"
optional = false
python-versions = "*"

[[package]]
name = "packaging"
version = "24.0"
description = "Core utilities for Python packages"
category = "main"
optional = false
python-versions = ">=3.7"

[[package]]
name = "pika"
version = "1.3.2"
description = "Pika Python AMQP Client Library"
category = "main"
optional = false
python-versions = ">=3.7"

[package.extras]
gevent = ["gevent"]
tornado = ["tornado"]
twisted = ["twisted"]

[[package]]
name = "pycparser"
version = "2.22"
description = "C parser in Python"
category = "main"
optional = false
python-versions = ">=3.8"

[[package]]
name = "pydantic"
version = "2.7.3"
description = "Data validation using Python type hints"
category = "main"
optional = false
python-versions = ">=3.8"

[package.dependencies]
annotated-types = ">=0.4.0"
pydantic-core = "2.18.4"
typing-extensions = ">=4.6.1"

[package.extras]
email = ["email-validator (>=2.0.0)"]

[[package]]
name = "pydantic-core"
version = "2.18.4"
description = "Core functionality for Pydantic validation and serialization"
category = "main"
optional = false
python-versions = ">=3.8"

[package.dependencies]
typing-extensions = ">=4.6.0,<4.7.0 || >4.7.0"

[[package]]
name = "pyjwt"
version = "2.8.0"
description = "JSON Web Token implementation in Python"
category = "main"
optional = false
python-versions = ">=3.7"

[package.dependencies]
cryptography = {version = ">=3.4.0", optional = true, markers = "extra == \"crypto\""}

[package.extras]
crypto = ["cryptography (>=3.4.0)"]
dev = ["sphinx (>=4.5.0,<5.0.0)", "sphinx-rtd-theme", "zope.interface", "cryptography (>=3.4.0)", "pytest (>=6.0.0,<7.0.0)", "coverage[toml] (==5.0.4)", "pre-commit"]
docs = ["sphinx (>=4.5.0,<5.0.0)", "sphinx-rtd-theme", "zope.interface"]
tests = ["pytest (>=6.0.0,<7.0.0)", "coverage[toml] (==5.0.4)"]

[[package]]
name = "python-dateutil"
version = "2.9.0.post0"
description = "Extensions to the standard Python datetime module"
category = "main"
optional = false
python-versions = "!=3.0.*,!=3.1.*,!=3.2.*,>=2.7"

[package.dependencies]
six = ">=1.5"

[[package]]
name = "python-dotenv"
version = "1.0.1"
description = "Read key-value pairs from a .env file and set them as environment variables"
category = "main"
optional = false
python-versions = ">=3.8"

[package.extras]
cli = ["click (>=5.0)"]

[[package]]
name = "requests"
version = "2.32.3"
description = "Python HTTP for Humans."
category = "main"
optional = false
python-versions = ">=3.8"

[package.dependencies]
certifi = ">=2017.4.17"
charset-normalizer = ">=2,<4"
idna = ">=2.5,<4"
urllib3 = ">=1.21.1,<3"

[package.extras]
socks = ["PySocks (>=1.5.6,!=1.5.7)"]
use-chardet-on-py3 = ["chardet (>=3.0.2,<6)"]

[[package]]
name = "screen"
version = "1.0.1"
description = "Screen width and so on"
category = "main"
optional = false
python-versions = "*"

[[package]]
name = "six"
version = "1.16.0"
description = "Python 2 and 3 compatibility utilities"
category = "main"
optional = false
python-versions = ">=2.7, !=3.0.*, !=3.1.*, !=3.2.*"

[[package]]
name = "sqlparse"
version = "0.5.0"
description = "A non-validating SQL parser."
category = "main"
optional = false
python-versions = ">=3.8"

[package.extras]
dev = ["build", "hatch"]
doc = ["sphinx"]

[[package]]
name = "tblib"
version = "1.7.0"
description = "Traceback serialization library."
category = "main"
optional = false
python-versions = ">=2.7, !=3.0.*, !=3.1.*, !=3.2.*, !=3.3.*, !=3.4.*"

[[package]]
name = "texttable"
version = "1.7.0"
description = "module to create simple ASCII tables"
category = "main"
optional = false
python-versions = "*"

[[package]]
name = "timeconvert"
version = "3.0.13"
description = "Time Convert for Humans™"
category = "main"
optional = false
python-versions = ">=3.5"

[package.dependencies]
isoweek = "*"
python-dateutil = ">=2.8.1"
tzlocal = "*"

[[package]]
name = "typing-extensions"
version = "4.12.1"
description = "Backported and Experimental Type Hints for Python 3.8+"
category = "main"
optional = false
python-versions = ">=3.8"

[[package]]
name = "tzdata"
version = "2024.1"
description = "Provider of IANA time zone data"
category = "main"
optional = false
python-versions = ">=2"

[[package]]
name = "tzlocal"
version = "5.2"
description = "tzinfo object for the local timezone"
category = "main"
optional = false
python-versions = ">=3.8"

[package.dependencies]
tzdata = {version = "*", markers = "platform_system == \"Windows\""}

[package.extras]
devenv = ["pytest (>=4.3)", "pytest-mock (>=3.3)", "pytest-cov", "check-manifest", "zest.releaser"]

[[package]]
name = "urllib3"
version = "2.2.1"
description = "HTTP library with thread-safe connection pooling, file post, and more."
category = "main"
optional = false
python-versions = ">=3.8"

[package.extras]
brotli = ["brotli (>=1.0.9)", "brotlicffi (>=0.8.0)"]
h2 = ["h2 (>=4,<5)"]
socks = ["pysocks (>=1.5.6,!=1.5.7,<2.0)"]
zstd = ["zstandard (>=0.18.0)"]

[[package]]
name = "websockets"
version = "10.3"
description = "An implementation of the WebSocket Protocol (RFC 6455 & 7692)"
category = "main"
optional = false
python-versions = ">=3.7"

[[package]]
name = "xlwt"
version = "1.3.0"
description = "Library to create spreadsheet files compatible with MS Excel 97/2000/XP/2003 XLS files, on any platform, with Python 2.6, 2.7, 3.3+"
category = "main"
optional = false
python-versions = "*"

[metadata]
lock-version = "1.1"
python-versions = "^3.10"
content-hash = "9f853c9cff6dc3030a6bb38977e5aae96d513f8e758b02e454d04b0cd4bb6a8a"

[metadata.files]
annotated-types = []
asgiref = []
certifi = []
cffi = []
charset-normalizer = []
cryptography = []
dill = []
django = []
django-admin = []
django-cors-headers = []
django-excel-response2 = []
django-six = []
djangorestframework = []
excel-base = []
globus-compute-common = []
globus-compute-sdk = []
globus-sdk = []
idna = []
isoweek = []
packaging = []
pika = []
pycparser = []
pydantic = []
pydantic-core = []
pyjwt = []
python-dateutil = []
python-dotenv = []
requests = []
screen = []
six = []
sqlparse = []
tblib = []
texttable = []
timeconvert = []
typing-extensions = []
tzdata = []
tzlocal = []
urllib3 = []
websockets = []
xlwt = []
